{
  "name": "james-au-studio-connection-broker",
  "version": "0.1.0",
  "lockfileVersion": 3,
  "requires": true,
  "packages": {
    "": {
      "name": "james-au-studio-connection-broker",
      "version": "0.1.0",
      "dependencies": {
        "@atproto/oauth-client-node": "0.5.7"
      }
    },
    "node_modules/@atproto-labs/did-resolver": {
      "version": "0.3.9",
      "resolved": "https://registry.npmjs.org/@atproto-labs/did-resolver/-/did-resolver-0.3.9.tgz",
      "integrity": "sha512-KBgUdQQ76XL/xjQbuMfVBOEa5jaragR9NPq1uMoM4iXKnW5GGcEMHMPu+WrTxYNBku0b7MhPUfCs1pKtyLBP6g==",
      "license": "MIT",
      "dependencies": {
        "@atproto-labs/fetch": "^0.3.6",
        "@atproto-labs/pipe": "^0.2.4",
        "@atproto-labs/simple-store": "^0.5.1",
        "@atproto-labs/simple-store-memory": "^0.2.6",
        "@atproto/did": "^0.5.5",
        "zod": "^3.23.8"
      },
      "engines": {
        "node": ">=22"
      }
    },
    "node_modules/@atproto-labs/fetch": {
      "version": "0.3.6",
      "resolved": "https://registry.npmjs.org/@atproto-labs/fetch/-/fetch-0.3.6.tgz",
      "integrity": "sha512-ro/J/cnqIp4bnSzDl8N3SkruvQcE3Pze+1H70mKdFfyFcdhPr+7O4lggl4VCbhI84Yqgz47c0xC6F/Yl39SxDA==",
      "license": "MIT",
      "dependencies": {
        "@atproto-labs/pipe": "^0.2.4"
      },
      "engines": {
        "node": ">=22"
      }
    },
    "node_modules/@atproto-labs/fetch-node": {
      "version": "0.4.0",
      "resolved": "https://registry.npmjs.org/@atproto-labs/fetch-node/-/fetch-node-0.4.0.tgz",
      "integrity": "sha512-5Yi8fz/JDGEoObRgRJuglcodB/MJeQnnoqokOGSQK5ItISObSttbGIgHE1UMU1njcwxbvKtbGMWHUCRgqML2Dw==",
      "license": "MIT",
      "dependencies": {
        "@atproto-labs/fetch": "^0.3.6",
        "@atproto-labs/pipe": "^0.2.4",
        "ipaddr.js": "^2.1.0",
        "undici_v6": "npm:undici@^6.x",
        "undici_v7": "npm:undici@^7.x",
        "undici_v8": "npm:undici@^8.x"
      },
      "engines": {
        "node": ">=22"
      }
    },
    "node_modules/@atproto-labs/handle-resolver": {
      "version": "0.4.9",
      "resolved": "https://registry.npmjs.org/@atproto-labs/handle-resolver/-/handle-resolver-0.4.9.tgz",
      "integrity": "sha512-I2xrVsgw0M1Gp5qAWQwX8aoq6E79PnNHuWX+mg7zMRpuazA5DWiHoJOyBZHPeEtbtYO3F8g3le7PRL8imaWljw==",
      "license": "MIT",
      "dependencies": {
        "@atproto-labs/simple-store": "^0.5.1",
        "@atproto-labs/simple-store-memory": "^0.2.6",
        "@atproto/did": "^0.5.5",
        "zod": "^3.23.8"
      },
      "engines": {
        "node": ">=22"
      }
    },
    "node_modules/@atproto-labs/handle-resolver-node": {
      "version": "0.2.10",
      "resolved": "https://registry.npmjs.org/@atproto-labs/handle-resolver-node/-/handle-resolver-node-0.2.10.tgz",
      "integrity": "sha512-xUAXZ3yTYzOmjgF0PyD4R8yXa0EtCxBextrEuSw7/7UwJgcWnSgHn05SBhrgYiLqqhLcDfJVMJ00u+wv/z8m5A==",
      "license": "MIT",
      "dependencies": {
        "@atproto-labs/fetch-node": "^0.4.0",
        "@atproto-labs/handle-resolver": "^0.4.9",
        "@atproto/did": "^0.5.5"
      },
      "engines": {
        "node": ">=22"
      }
    },
    "node_modules/@atproto-labs/identity-resolver": {
      "version": "0.4.9",
      "resolved": "https://registry.npmjs.org/@atproto-labs/identity-resolver/-/identity-resolver-0.4.9.tgz",
      "integrity": "sha512-dVfbDHybOlDimEdUSbDfCQpMbmf25LNpffxCqSE//hLD86wiUzJQwJn2sHfskZTfwGD896wyY8musfrR3vDnOA==",
      "license": "MIT",
      "dependencies": {
        "@atproto-labs/did-resolver": "^0.3.9",
        "@atproto-labs/handle-resolver": "^0.4.9"
      },
      "engines": {
        "node": ">=22"
      }
    },
    "node_modules/@atproto-labs/pipe": {
      "version": "0.2.4",
      "resolved": "https://registry.npmjs.org/@atproto-labs/pipe/-/pipe-0.2.4.tgz",
      "integrity": "sha512-n67jCcrC+ouAeO10cWkpPzzLMlDi/lDCU30Us+LGqhOPhT6c4t5ASdBLQi9W3jUQtRzQBt3G9zipF+xKWNvVbw==",
      "license": "MIT",
      "engines": {
        "node": ">=22"
      }
    },
    "node_modules/@atproto-labs/simple-store": {
      "version": "0.5.1",
      "resolved": "https://registry.npmjs.org/@atproto-labs/simple-store/-/simple-store-0.5.1.tgz",
      "integrity": "sha512-vfvoDhu6ds6BT3Pqe+d2/LBU1WpDRtt69y6zltlfMCoucPm82m1j50/Wb6xTvv+oZ+2j0JyZVXsmXQ12SWYQJg==",
      "license": "MIT",
      "engines": {
        "node": ">=22"
      }
    },
    "node_modules/@atproto-labs/simple-store-memory": {
      "version": "0.2.6",
      "resolved": "https://registry.npmjs.org/@atproto-labs/simple-store-memory/-/simple-store-memory-0.2.6.tgz",
      "integrity": "sha512-DD1v7MEfYF3BAcEpMTTpzfBLWLoI2HuyBhku2YpjHoqPrRrhCtE1alkxfPHjtjJVIjuU/XNU0cF/wB3+5FiKsA==",
      "license": "MIT",
      "dependencies": {
        "@atproto-labs/simple-store": "^0.5.1",
        "lru-cache": "^10.2.0"
      },
      "engines": {
        "node": ">=22"
      }
    },
    "node_modules/@atproto/common-web": {
      "version": "0.5.12",
      "resolved": "https://registry.npmjs.org/@atproto/common-web/-/common-web-0.5.12.tgz",
      "integrity": "sha512-FumNnUOUsk68gP+jU0sXY2wY2piqFV9/qU2YaoQq/IZknhJBlLYCzjQXXCN0FCzxAZWD0YUzgydeyuRvFoAxfA==",
      "license": "MIT",
      "dependencies": {
        "@atproto/lex-data": "^0.1.7",
        "@atproto/lex-json": "^0.1.6",
        "@atproto/syntax": "^0.7.6",
        "zod": "^3.23.8"
      },
      "engines": {
        "node": ">=22"
      }
    },
    "node_modules/@atproto/did": {
      "version": "0.5.5",
      "resolved": "https://registry.npmjs.org/@atproto/did/-/did-0.5.5.tgz",
      "integrity": "sha512-ibCxTPsPQtrtX+iidnE0bkMBHuoWFBdVfPFfCAlUKY6HfkqdUUxItzvQu9AMucYDhP6vJ15HLVj+QhNY2jtIvw==",
      "license": "MIT",
      "dependencies": {
        "zod": "^3.23.8"
      },
      "engines": {
        "node": ">=22"
      }
    },
    "node_modules/@atproto/jwk": {
      "version": "0.7.4",
      "resolved": "https://registry.npmjs.org/@atproto/jwk/-/jwk-0.7.4.tgz",
      "integrity": "sha512-tq7TUDmNfe1yDfpRgdGQMJdl9TUlJmREQNCag9yg5w8Evu+TOiFiLgiOCbo7X4ouRPSgd1DpOzXbUa8UyKKMZA==",
      "license": "MIT",
      "dependencies": {
        "multiformats": "^13.0.0",
        "zod": "^3.23.8"
      },
      "engines": {
        "node": ">=22"
      }
    },
    "node_modules/@atproto/jwk-jose": {
      "version": "0.2.4",
      "resolved": "https://registry.npmjs.org/@atproto/jwk-jose/-/jwk-jose-0.2.4.tgz",
      "integrity": "sha512-gzDoA0JTwnc0ZJOBLM7WX9xFxtynRS2K1Bofb8epzoMWDQvyvfbPcfkdPrKFM7NXCFUVpGpBnsCB8KFPTf1rCg==",
      "license": "MIT",
      "dependencies": {
        "@atproto/jwk": "^0.7.4",
        "jose": "^5.2.0"
      },
      "engines": {
        "node": ">=22"
      }
    },
    "node_modules/@atproto/jwk-webcrypto": {
      "version": "0.3.4",
      "resolved": "https://registry.npmjs.org/@atproto/jwk-webcrypto/-/jwk-webcrypto-0.3.4.tgz",
      "integrity": "sha512-UsFIUozqnRecXPo6HgKV4PW4FqYHxX1V3iAe0rRV6Q2RSfYD8V2mZ89pv8NpvJynnaqJArBQ7HZlcg0F4tRYhA==",
      "license": "MIT",
      "dependencies": {
        "@atproto/jwk": "^0.7.4",
        "@atproto/jwk-jose": "^0.2.4",
        "zod": "^3.23.8"
      },
      "engines": {
        "node": ">=22"
      }
    },
    "node_modules/@atproto/lex-data": {
      "version": "0.1.7",
      "resolved": "https://registry.npmjs.org/@atproto/lex-data/-/lex-data-0.1.7.tgz",
      "integrity": "sha512-kW/dPLqo/WgCLV+XESR4JKwV6c1rZWJGOfuPupZGTjEDAKoBbKXdaEzX9/1vKQYbZ9U3j0DS/n7OFFK7wBugyQ==",
      "license": "MIT",
      "dependencies": {
        "multiformats": "^13.0.0",
        "tslib": "^2.8.1",
        "unicode-segmenter": "^0.14.0"
      },
      "engines": {
        "node": ">=22"
      }
    },
    "node_modules/@atproto/lex-json": {
      "version": "0.1.6",
      "resolved": "https://registry.npmjs.org/@atproto/lex-json/-/lex-json-0.1.6.tgz",
      "integrity": "sha512-mvrAd0lbyuecIHjyld8QN6MN6CBf4j0GCxLzegsvLh0SvDf+GbYWklkcQqmITL44yFQOwmA/QNIQj0Uvh7+R/g==",
      "license": "MIT",
      "dependencies": {
        "@atproto/lex-data": "^0.1.7",
        "tslib": "^2.8.1"
      },
      "engines": {
        "node": ">=22"
      }
    },
    "node_modules/@atproto/lexicon": {
      "version": "0.7.14",
      "resolved": "https://registry.npmjs.org/@atproto/lexicon/-/lexicon-0.7.14.tgz",
      "integrity": "sha512-hDG2+61JTrvxDFtoojDFxKmZkFVl/lR/jFi82gSN0zNDjr+dlpUGKlG9MoPBkUKK83+Pi+I2jZ55xXboJq6JTA==",
      "license": "MIT",
      "dependencies": {
        "@atproto/common-web": "^0.5.12",
        "@atproto/syntax": "^0.7.6",
        "multiformats": "^13.0.0",
        "zod": "^3.23.8"
      },
      "engines": {
        "node": ">=22"
      }
    },
    "node_modules/@atproto/oauth-client": {
      "version": "0.8.7",
      "resolved": "https://registry.npmjs.org/@atproto/oauth-client/-/oauth-client-0.8.7.tgz",
      "integrity": "sha512-DbWMFcy6t2HyyPKVEhKeh8xNNwM6sokPl/Qk7ctZLvEu+FT4GKsUppgf2hkWqeUyVc7nacu+nE7dCkYwPZmBKA==",
      "license": "MIT",
      "dependencies": {
        "@atproto-labs/did-resolver": "^0.3.9",
        "@atproto-labs/fetch": "^0.3.6",
        "@atproto-labs/handle-resolver": "^0.4.9",
        "@atproto-labs/identity-resolver": "^0.4.9",
        "@atproto-labs/simple-store": "^0.5.1",
        "@atproto-labs/simple-store-memory": "^0.2.6",
        "@atproto/did": "^0.5.5",
        "@atproto/jwk": "^0.7.4",
        "@atproto/oauth-types": "^0.7.6",
        "@atproto/xrpc": "^0.8.13",
        "core-js": "^3.50.0",
        "multiformats": "^13.0.0",
        "zod": "^3.23.8"
      },
      "engines": {
        "node": ">=22"
      }
    },
    "node_modules/@atproto/oauth-client-node": {
      "version": "0.5.7",
      "resolved": "https://registry.npmjs.org/@atproto/oauth-client-node/-/oauth-client-node-0.5.7.tgz",
      "integrity": "sha512-MBzhBcDu3YTojlnJbCHH7ouvzpkhVEpK9FMJsW4QZ1UiujkEAMq7jL77X54WQl7YF/KfaCWxZ54liC0nlRMoPw==",
      "license": "MIT",
      "dependencies": {
        "@atproto-labs/did-resolver": "^0.3.9",
        "@atproto-labs/handle-resolver-node": "^0.2.10",
        "@atproto-labs/simple-store": "^0.5.1",
        "@atproto/did": "^0.5.5",
        "@atproto/jwk": "^0.7.4",
        "@atproto/jwk-jose": "^0.2.4",
        "@atproto/jwk-webcrypto": "^0.3.4",
        "@atproto/oauth-client": "^0.8.7",
        "@atproto/oauth-types": "^0.7.6"
      },
      "engines": {
        "node": ">=22"
      }
    },
    "node_modules/@atproto/oauth-types": {
      "version": "0.7.6",
      "resolved": "https://registry.npmjs.org/@atproto/oauth-types/-/oauth-types-0.7.6.tgz",
      "integrity": "sha512-FgFe2mJOUgJSQBxKBwLWv+lFyDxBnlqA+wfSLabCNnabtNuSO3UQI0CGI72K7/OQRQvdwkcYQMoUuw3Rqex/mg==",
      "license": "MIT",
      "dependencies": {
        "@atproto/did": "^0.5.5",
        "@atproto/jwk": "^0.7.4",
        "zod": "^3.23.8"
      },
      "engines": {
        "node": ">=22"
      }
    },
    "node_modules/@atproto/syntax": {
      "version": "0.7.6",
      "resolved": "https://registry.npmjs.org/@atproto/syntax/-/syntax-0.7.6.tgz",
      "integrity": "sha512-luKQTcWw1H1jLmYvX34ldBqNjz2orF082njmcF9fxbWTqVhsO+TpY0FHRKVPoV7dwL0Y3L16DNz1ma0LFGH25g==",
      "license": "MIT",
      "dependencies": {
        "iso-datestring-validator": "^2.2.2",
        "tslib": "^2.8.1"
      },
      "engines": {
        "node": ">=22"
      }
    },
    "node_modules/@atproto/xrpc": {
      "version": "0.8.13",
      "resolved": "https://registry.npmjs.org/@atproto/xrpc/-/xrpc-0.8.13.tgz",
      "integrity": "sha512-htpi93/Zqyk5WsT+RrWemxMcJFJx2M4VT8i8avuWJTyr7AZ42qvPsIdVsaPdOOS3rZwodq/SdZXJFgspJ4yc5g==",
      "license": "MIT",
      "dependencies": {
        "@atproto/lexicon": "^0.7.14",
        "zod": "^3.23.8"
      },
      "engines": {
        "node": ">=22"
      }
    },
    "node_modules/core-js": {
      "version": "3.50.0",
      "resolved": "https://registry.npmjs.org/core-js/-/core-js-3.50.0.tgz",
      "integrity": "sha512-BRWgOLKkFeCgRudR6zrs8p9XJZcE14grzKMMssoYrk6krtuEZ7MTKPIY5RzOnqsEKIR9kst7wNzphttraT+Yqw==",
      "hasInstallScript": true,
      "license": "MIT",
      "engines": {
        "node": "*"
      },
      "funding": {
        "type": "opencollective",
        "url": "https://opencollective.com/core-js"
      }
    },
    "node_modules/ipaddr.js": {
      "version": "2.5.0",
      "resolved": "https://registry.npmjs.org/ipaddr.js/-/ipaddr.js-2.5.0.tgz",
      "integrity": "sha512-aq+t5NAc+cS6rZQQVWC2x98CPqGtKKTMDd4Gaodv0wShnItdKg/51djkGJ1hqH+Oy0ivDftCbSLCQob8zso01w==",
      "license": "MIT",
      "engines": {
        "node": ">= 10"
      }
    },
    "node_modules/iso-datestring-validator": {
      "version": "2.2.2",
      "resolved": "https://registry.npmjs.org/iso-datestring-validator/-/iso-datestring-validator-2.2.2.tgz",
      "integrity": "sha512-yLEMkBbLZTlVQqOnQ4FiMujR6T4DEcCb1xizmvXS+OxuhwcbtynoosRzdMA69zZCShCNAbi+gJ71FxZBBXx1SA==",
      "license": "MIT"
    },
    "node_modules/jose": {
      "version": "5.10.0",
      "resolved": "https://registry.npmjs.org/jose/-/jose-5.10.0.tgz",
      "integrity": "sha512-s+3Al/p9g32Iq+oqXxkW//7jk2Vig6FF1CFqzVXoTUXt2qz89YWbL+OwS17NFYEvxC35n0FKeGO2LGYSxeM2Gg==",
      "license": "MIT",
      "funding": {
        "url": "https://github.com/sponsors/panva"
      }
    },
    "node_modules/lru-cache": {
      "version": "10.4.3",
      "resolved": "https://registry.npmjs.org/lru-cache/-/lru-cache-10.4.3.tgz",
      "integrity": "sha512-JNAzZcXrCt42VGLuYz0zfAzDfAvJWW6AfYlDBQyDV5DClI2m5sAmK+OIO7s59XfsRsWHp02jAJrRadPRGTt6SQ==",
      "license": "ISC"
    },
    "node_modules/multiformats": {
      "version": "13.4.2",
      "resolved": "https://registry.npmjs.org/multiformats/-/multiformats-13.4.2.tgz",
      "integrity": "sha512-eh6eHCrRi1+POZ3dA+Dq1C6jhP1GNtr9CRINMb67OKzqW9I5DUuZM/3jLPlzhgpGeiNUlEGEbkCYChXMCc/8DQ==",
      "license": "Apache-2.0 OR MIT"
    },
    "node_modules/tslib": {
      "version": "2.8.1",
      "resolved": "https://registry.npmjs.org/tslib/-/tslib-2.8.1.tgz",
      "integrity": "sha512-oJFu94HQb+KVduSUQL7wnpmqnfmLsOA/nAh6b6EH0wCEoK0/mPeXU6c3wKDV83MkOuHPRHtSXKKU99IBazS/2w==",
      "license": "0BSD"
    },
    "node_modules/undici_v6": {
      "name": "undici",
      "version": "6.28.1",
      "resolved": "https://registry.npmjs.org/undici/-/undici-6.28.1.tgz",
      "integrity": "sha512-zWpdTVD54H48CIybL0rWQ3ukpb9d23wM7eH5RtfdmeP70cWHNjtfo7P4vZX+5CoDcO53J4Pu5uXp7lNfjc6DRA==",
      "license": "MIT",
      "engines": {
        "node": ">=18.17"
      }
    },
    "node_modules/undici_v7": {
      "name": "undici",
      "version": "7.29.1",
      "resolved": "https://registry.npmjs.org/undici/-/undici-7.29.1.tgz",
      "integrity": "sha512-RYONW2MeafgYlkVOKYKkA/Ag7BmXqgIWCa8t1m0JcxrQg9pI9lEqRhAOruOBCbAohOa/gkCF+iPi9hrgvTzu6Q==",
      "license": "MIT",
      "engines": {
        "node": ">=20.18.1"
      }
    },
    "node_modules/undici_v8": {
      "name": "undici",
      "version": "8.10.2",
      "resolved": "https://registry.npmjs.org/undici/-/undici-8.10.2.tgz",
      "integrity": "sha512-/y4/bH9YNU5hi9NIrpOuvGXFcxrj3CMrV+/AYpowAYTpHn8gX/XPFjNy766FPoYY0miQhdW977JFWKGNhBdwyQ==",
      "license": "MIT",
      "engines": {
        "node": ">=22.19.0"
      }
    },
    "node_modules/unicode-segmenter": {
      "version": "0.14.5",
      "resolved": "https://registry.npmjs.org/unicode-segmenter/-/unicode-segmenter-0.14.5.tgz",
      "integrity": "sha512-jHGmj2LUuqDcX3hqY12Ql+uhUTn8huuxNZGq7GvtF6bSybzH3aFgedYu/KTzQStEgt1Ra2F3HxadNXsNjb3m3g==",
      "license": "MIT"
    },
    "node_modules/zod": {
      "version": "3.25.76",
      "resolved": "https://registry.npmjs.org/zod/-/zod-3.25.76.tgz",
      "integrity": "sha512-gzUt/qt81nXsFGKIFcC3YnfEAx5NkunCfnDlvuBSSFS02bcXu4Lmea0AFIUwbLWxWPx3d9p8S5QoaujKcNQxcQ==",
      "license": "MIT",
      "funding": {
        "url": "https://github.com/sponsors/colinhacks"
      }
    }
  }
}
